
Microsoft Visual Studio Solution File, Format Version 12.00
# Visual Studio Version 17
VisualStudioVersion = 17.6.33815.320
MinimumVisualStudioVersion = 10.0.40219.1
Project("{FAE04EC0-301F-11D3-BF4B-00C04F79EFBC}") = "BDO Item Sorter", "BDO Item Sorter.csproj", "{5CE277A8-B6B2-4BBC-A330-A49758E389BA}"
EndProject
Global
	GlobalSection(SolutionConfigurationPlatforms) = preSolution
		Debug|Any CPU = Debug|Any CPU
		Release|Any CPU = Release|Any CPU
	EndGlobalSection
	GlobalSection(ProjectConfigurationPlatforms) = postSolution
		{5CE277A8-B6B2-4BBC-A330-A49758E389BA}.Debug|Any CPU.ActiveCfg = Debug|Any CPU
		{5CE277A8-B6B2-4BBC-A330-A49758E389BA}.Debug|Any CPU.Build.0 = Debug|Any CPU
		{5CE277A8-B6B2-4BBC-A330-A49758E389BA}.Release|Any CPU.ActiveCfg = Release|Any CPU
		{5CE277A8-B6B2-4BBC-A330-A49758E389BA}.Release|Any CPU.Build.0 = Release|Any CPU
	EndGlobalSection
	GlobalSection(SolutionProperties) = preSolution
		HideSolutionNode = FALSE
	EndGlobalSection
	GlobalSection(ExtensibilityGlobals) = postSolution
		SolutionGuid = {B0C1EEAD-E394-4D6B-9BE6-73EBD55F4CC1}
	EndGlobalSection
EndGlobal
